// !$*UTF8*$!
{
	archiveVersion = 1;
	classes = {
	};
	objectVersion = 46;
	objects = {

/* Begin PBXBuildFile section */
		E522F0CA1D0A14200050F8AD /* main.cpp in Sources */ = {isa = PBXBuildFile; fileRef = E522F0C91D0A14200050F8AD /* main.cpp */; };
/* End PBXBuildFile section */

/* Begin PBXCopyFilesBuildPhase section */
		E522F0C41D0A14200050F8AD /* CopyFiles */ = {
			isa = PBXCopyFilesBuildPhase;
			buildActionMask = 2147483647;
			dstPath = /usr/share/man/man1/;
			dstSubfolderSpec = 0;
			files = (
			);
			runOnlyForDeploymentPostprocessing = 1;
		};
/* End PBXCopyFilesBuildPhase section */

/* Begin PBXFileReference section */
		E5036A571D0CAE8900B2B543 /* MisspellingWord.h */ = {isa = PBXFileReference; lastKnownFileType = sourcecode.c.h; path = MisspellingWord.h; sourceTree = "<group>"; };
		E5036A581D0CF79E00B2B543 /* DifferentChar.h */ = {isa = PBXFileReference; lastKnownFileType = sourcecode.c.h; path = DifferentChar.h; sourceTree = "<group>"; };
		E5036A591D0D00BE00B2B543 /* FastStructure.h */ = {isa = PBXFileReference; lastKnownFileType = sourcecode.c.h; path = FastStructure.h; sourceTree = "<group>"; };
		E5036A5A1D0D1B0D00B2B543 /* GroupFiveConsecutive.h */ = {isa = PBXFileReference; lastKnownFileType = sourcecode.c.h; path = GroupFiveConsecutive.h; sourceTree = "<group>"; };
		E522F0C61D0A14200050F8AD /* GooglePhoneBible */ = {isa = PBXFileReference; explicitFileType = "compiled.mach-o.executable"; includeInIndex = 0; path = GooglePhoneBible; sourceTree = BUILT_PRODUCTS_DIR; };
		E522F0C91D0A14200050F8AD /* main.cpp */ = {isa = PBXFileReference; lastKnownFileType = sourcecode.cpp.cpp; path = main.cpp; sourceTree = "<group>"; };
		E522F0D01D0A14480050F8AD /* DoubleIntegerRangeNumber.h */ = {isa = PBXFileReference; lastKnownFileType = sourcecode.c.h; path = DoubleIntegerRangeNumber.h; sourceTree = "<group>"; };
		E522F0D11D0A16F20050F8AD /* DataStructure.h */ = {isa = PBXFileReference; fileEncoding = 4; lastKnownFileType = sourcecode.c.h; path = DataStructure.h; sourceTree = "<group>"; };
		E522F0D21D0A1A190050F8AD /* SpiralMatrix.h */ = {isa = PBXFileReference; lastKnownFileType = sourcecode.c.h; path = SpiralMatrix.h; sourceTree = "<group>"; };
		E522F0D31D0A20110050F8AD /* OutputHelper.h */ = {isa = PBXFileReference; fileEncoding = 4; lastKnownFileType = sourcecode.c.h; path = OutputHelper.h; sourceTree = "<group>"; };
		E522F0D41D0A256F0050F8AD /* SortedListTwoSum.h */ = {isa = PBXFileReference; lastKnownFileType = sourcecode.c.h; path = SortedListTwoSum.h; sourceTree = "<group>"; };
		E522F0D51D0A42DD0050F8AD /* BinaryWatchThreeBits.h */ = {isa = PBXFileReference; lastKnownFileType = sourcecode.c.h; path = BinaryWatchThreeBits.h; sourceTree = "<group>"; };
		E522F0D61D0A49150050F8AD /* PrintAllPrimes.h */ = {isa = PBXFileReference; lastKnownFileType = sourcecode.c.h; path = PrintAllPrimes.h; sourceTree = "<group>"; };
		E54225871D0E03D900A74626 /* BestTimeToBuyAndSellStock.h */ = {isa = PBXFileReference; lastKnownFileType = sourcecode.c.h; path = BestTimeToBuyAndSellStock.h; sourceTree = "<group>"; };
		E54225881D0E0B6000A74626 /* SquareSort.h */ = {isa = PBXFileReference; lastKnownFileType = sourcecode.c.h; path = SquareSort.h; sourceTree = "<group>"; };
		E5635CDF1D0DF3A800142D52 /* StringEncoderDecoder.h */ = {isa = PBXFileReference; lastKnownFileType = sourcecode.c.h; path = StringEncoderDecoder.h; sourceTree = "<group>"; };
		E58585911D0B423500286BA6 /* GridMaxQuery.h */ = {isa = PBXFileReference; lastKnownFileType = sourcecode.c.h; path = GridMaxQuery.h; sourceTree = "<group>"; };
		E58585921D0B5D0200286BA6 /* NodeParentId.h */ = {isa = PBXFileReference; lastKnownFileType = sourcecode.c.h; path = NodeParentId.h; sourceTree = "<group>"; };
		E58585931D0BBDA500286BA6 /* MovingAverageDataStream.h */ = {isa = PBXFileReference; lastKnownFileType = sourcecode.c.h; path = MovingAverageDataStream.h; sourceTree = "<group>"; };
		E58585941D0BC41B00286BA6 /* BinaryReplacement.h */ = {isa = PBXFileReference; lastKnownFileType = sourcecode.c.h; path = BinaryReplacement.h; sourceTree = "<group>"; };
		E58585951D0BCEF400286BA6 /* AddOneToLargeNumber.h */ = {isa = PBXFileReference; lastKnownFileType = sourcecode.c.h; path = AddOneToLargeNumber.h; sourceTree = "<group>"; };
/* End PBXFileReference section */

/* Begin PBXFrameworksBuildPhase section */
		E522F0C31D0A14200050F8AD /* Frameworks */ = {
			isa = PBXFrameworksBuildPhase;
			buildActionMask = 2147483647;
			files = (
			);
			runOnlyForDeploymentPostprocessing = 0;
		};
/* End PBXFrameworksBuildPhase section */

/* Begin PBXGroup section */
		E522F0BD1D0A14200050F8AD = {
			isa = PBXGroup;
			children = (
				E522F0C81D0A14200050F8AD /* GooglePhoneBible */,
				E522F0C71D0A14200050F8AD /* Products */,
			);
			sourceTree = "<group>";
		};
		E522F0C71D0A14200050F8AD /* Products */ = {
			isa = PBXGroup;
			children = (
				E522F0C61D0A14200050F8AD /* GooglePhoneBible */,
			);
			name = Products;
			sourceTree = "<group>";
		};
		E522F0C81D0A14200050F8AD /* GooglePhoneBible */ = {
			isa = PBXGroup;
			children = (
				E522F0D31D0A20110050F8AD /* OutputHelper.h */,
				E522F0D11D0A16F20050F8AD /* DataStructure.h */,
				E522F0C91D0A14200050F8AD /* main.cpp */,
				E522F0D01D0A14480050F8AD /* DoubleIntegerRangeNumber.h */,
				E522F0D21D0A1A190050F8AD /* SpiralMatrix.h */,
				E522F0D41D0A256F0050F8AD /* SortedListTwoSum.h */,
				E522F0D51D0A42DD0050F8AD /* BinaryWatchThreeBits.h */,
				E522F0D61D0A49150050F8AD /* PrintAllPrimes.h */,
				E58585911D0B423500286BA6 /* GridMaxQuery.h */,
				E58585921D0B5D0200286BA6 /* NodeParentId.h */,
				E58585931D0BBDA500286BA6 /* MovingAverageDataStream.h */,
				E58585941D0BC41B00286BA6 /* BinaryReplacement.h */,
				E58585951D0BCEF400286BA6 /* AddOneToLargeNumber.h */,
				E5036A571D0CAE8900B2B543 /* MisspellingWord.h */,
				E5036A581D0CF79E00B2B543 /* DifferentChar.h */,
				E5036A591D0D00BE00B2B543 /* FastStructure.h */,
				E5036A5A1D0D1B0D00B2B543 /* GroupFiveConsecutive.h */,
				E5635CDF1D0DF3A800142D52 /* StringEncoderDecoder.h */,
				E54225871D0E03D900A74626 /* BestTimeToBuyAndSellStock.h */,
				E54225881D0E0B6000A74626 /* SquareSort.h */,
			);
			path = GooglePhoneBible;
			sourceTree = "<group>";
		};
/* End PBXGroup section */

/* Begin PBXNativeTarget section */
		E522F0C51D0A14200050F8AD /* GooglePhoneBible */ = {
			isa = PBXNativeTarget;
			buildConfigurationList = E522F0CD1D0A14200050F8AD /* Build configuration list for PBXNativeTarget "GooglePhoneBible" */;
			buildPhases = (
				E522F0C21D0A14200050F8AD /* Sources */,
				E522F0C31D0A14200050F8AD /* Frameworks */,
				E522F0C41D0A14200050F8AD /* CopyFiles */,
			);
			buildRules = (
			);
			dependencies = (
			);
			name = GooglePhoneBible;
			productName = GooglePhoneBible;
			productReference = E522F0C61D0A14200050F8AD /* GooglePhoneBible */;
			productType = "com.apple.product-type.tool";
		};
/* End PBXNativeTarget section */

/* Begin PBXProject section */
		E522F0BE1D0A14200050F8AD /* Project object */ = {
			isa = PBXProject;
			attributes = {
				LastUpgradeCheck = 0730;
				ORGANIZATIONNAME = Jerome;
				TargetAttributes = {
					E522F0C51D0A14200050F8AD = {
						CreatedOnToolsVersion = 7.3.1;
					};
				};
			};
			buildConfigurationList = E522F0C11D0A14200050F8AD /* Build configuration list for PBXProject "GooglePhoneBible" */;
			compatibilityVersion = "Xcode 3.2";
			developmentRegion = English;
			hasScannedForEncodings = 0;
			knownRegions = (
				en,
			);
			mainGroup = E522F0BD1D0A14200050F8AD;
			productRefGroup = E522F0C71D0A14200050F8AD /* Products */;
			projectDirPath = "";
			projectRoot = "";
			targets = (
				E522F0C51D0A14200050F8AD /* GooglePhoneBible */,
			);
		};
/* End PBXProject section */

/* Begin PBXSourcesBuildPhase section */
		E522F0C21D0A14200050F8AD /* Sources */ = {
			isa = PBXSourcesBuildPhase;
			buildActionMask = 2147483647;
			files = (
				E522F0CA1D0A14200050F8AD /* main.cpp in Sources */,
			);
			runOnlyForDeploymentPostprocessing = 0;
		};
/* End PBXSourcesBuildPhase section */

/* Begin XCBuildConfiguration section */
		E522F0CB1D0A14200050F8AD /* Debug */ = {
			isa = XCBuildConfiguration;
			buildSettings = {
				ALWAYS_SEARCH_USER_PATHS = NO;
				CLANG_ANALYZER_NONNULL = YES;
				CLANG_CXX_LANGUAGE_STANDARD = "gnu++0x";
				CLANG_CXX_LIBRARY = "libc++";
				CLANG_ENABLE_MODULES = YES;
				CLANG_ENABLE_OBJC_ARC = YES;
				CLANG_WARN_BOOL_CONVERSION = YES;
				CLANG_WARN_CONSTANT_CONVERSION = YES;
				CLANG_WARN_DIRECT_OBJC_ISA_USAGE = YES_ERROR;
				CLANG_WARN_EMPTY_BODY = YES;
				CLANG_WARN_ENUM_CONVERSION = YES;
				CLANG_WARN_INT_CONVERSION = YES;
				CLANG_WARN_OBJC_ROOT_CLASS = YES_ERROR;
				CLANG_WARN_UNREACHABLE_CODE = YES;
				CLANG_WARN__DUPLICATE_METHOD_MATCH = YES;
				CODE_SIGN_IDENTITY = "-";
				COPY_PHASE_STRIP = NO;
				DEBUG_INFORMATION_FORMAT = dwarf;
				ENABLE_STRICT_OBJC_MSGSEND = YES;
				ENABLE_TESTABILITY = YES;
				GCC_C_LANGUAGE_STANDARD = gnu99;
				GCC_DYNAMIC_NO_PIC = NO;
				GCC_NO_COMMON_BLOCKS = YES;
				GCC_OPTIMIZATION_LEVEL = 0;
				GCC_PREPROCESSOR_DEFINITIONS = (
					"DEBUG=1",
					"$(inherited)",
				);
				GCC_WARN_64_TO_32_BIT_CONVERSION = YES;
				GCC_WARN_ABOUT_RETURN_TYPE = YES_ERROR;
				GCC_WARN_UNDECLARED_SELECTOR = YES;
				GCC_WARN_UNINITIALIZED_AUTOS = YES_AGGRESSIVE;
				GCC_WARN_UNUSED_FUNCTION = YES;
				GCC_WARN_UNUSED_VARIABLE = YES;
				MACOSX_DEPLOYMENT_TARGET = 10.11;
				MTL_ENABLE_DEBUG_INFO = YES;
				ONLY_ACTIVE_ARCH = YES;
				SDKROOT = macosx;
			};
			name = Debug;
		};
		E522F0CC1D0A14200050F8AD /* Release */ = {
			isa = XCBuildConfiguration;
			buildSettings = {
				ALWAYS_SEARCH_USER_PATHS = NO;
				CLANG_ANALYZER_NONNULL = YES;
				CLANG_CXX_LANGUAGE_STANDARD = "gnu++0x";
				CLANG_CXX_LIBRARY = "libc++";
				CLANG_ENABLE_MODULES = YES;
				CLANG_ENABLE_OBJC_ARC = YES;
				CLANG_WARN_BOOL_CONVERSION = YES;
				CLANG_WARN_CONSTANT_CONVERSION = YES;
				CLANG_WARN_DIRECT_OBJC_ISA_USAGE = YES_ERROR;
				CLANG_WARN_EMPTY_BODY = YES;
				CLANG_WARN_ENUM_CONVERSION = YES;
				CLANG_WARN_INT_CONVERSION = YES;
				CLANG_WARN_OBJC_ROOT_CLASS = YES_ERROR;
				CLANG_WARN_UNREACHABLE_CODE = YES;
				CLANG_WARN__DUPLICATE_METHOD_MATCH = YES;
				CODE_SIGN_IDENTITY = "-";
				COPY_PHASE_STRIP = NO;
				DEBUG_INFORMATION_FORMAT = "dwarf-with-dsym";
				ENABLE_NS_ASSERTIONS = NO;
				ENABLE_STRICT_OBJC_MSGSEND = YES;
				GCC_C_LANGUAGE_STANDARD = gnu99;
				GCC_NO_COMMON_BLOCKS = YES;
				GCC_WARN_64_TO_32_BIT_CONVERSION = YES;
				GCC_WARN_ABOUT_RETURN_TYPE = YES_ERROR;
				GCC_WARN_UNDECLARED_SELECTOR = YES;
				GCC_WARN_UNINITIALIZED_AUTOS = YES_AGGRESSIVE;
				GCC_WARN_UNUSED_FUNCTION = YES;
				GCC_WARN_UNUSED_VARIABLE = YES;
				MACOSX_DEPLOYMENT_TARGET = 10.11;
				MTL_ENABLE_DEBUG_INFO = NO;
				SDKROOT = macosx;
			};
			name = Release;
		};
		E522F0CE1D0A14200050F8AD /* Debug */ = {
			isa = XCBuildConfiguration;
			buildSettings = {
				PRODUCT_NAME = "$(TARGET_NAME)";
			};
			name = Debug;
		};
		E522F0CF1D0A14200050F8AD /* Release */ = {
			isa = XCBuildConfiguration;
			buildSettings = {
				PRODUCT_NAME = "$(TARGET_NAME)";
			};
			name = Release;
		};
/* End XCBuildConfiguration section */

/* Begin XCConfigurationList section */
		E522F0C11D0A14200050F8AD /* Build configuration list for PBXProject "GooglePhoneBible" */ = {
			isa = XCConfigurationList;
			buildConfigurations = (
				E522F0CB1D0A14200050F8AD /* Debug */,
				E522F0CC1D0A14200050F8AD /* Release */,
			);
			defaultConfigurationIsVisible = 0;
			defaultConfigurationName = Release;
		};
		E522F0CD1D0A14200050F8AD /* Build configuration list for PBXNativeTarget "GooglePhoneBible" */ = {
			isa = XCConfigurationList;
			buildConfigurations = (
				E522F0CE1D0A14200050F8AD /* Debug */,
				E522F0CF1D0A14200050F8AD /* Release */,
			);
			defaultConfigurationIsVisible = 0;
			defaultConfigurationName = Release;
		};
/* End XCConfigurationList section */
	};
	rootObject = E522F0BE1D0A14200050F8AD /* Project object */;
}
